
Microsoft Visual Studio Solution File, Format Version 12.00
# Visual Studio Version 17
VisualStudioVersion = 17.0.31903.59
MinimumVisualStudioVersion = 10.0.40219.1
Project("{9A19103F-16F7-4668-BE54-9A1E7A4F7556}") = "API", "API\API.csproj", "{CC4E409D-871D-4D06-A400-B2798E681056}"
EndProject
Project("{9A19103F-16F7-4668-BE54-9A1E7A4F7556}") = "Application", "Application\Application.csproj", "{B4A3A978-0AEE-4CF6-A1CF-657283464D75}"
EndProject
Project("{9A19103F-16F7-4668-BE54-9A1E7A4F7556}") = "Domain", "Domain\Domain.csproj", "{9F2A9D7D-F61A-4503-87A0-2EA41CF8D2C2}"
EndProject
Project("{9A19103F-16F7-4668-BE54-9A1E7A4F7556}") = "Persistence", "Persistence\Persistence.csproj", "{5BB67CB8-5BF2-4A54-8CA3-647049519D23}"
EndProject
Global
	GlobalSection(SolutionConfigurationPlatforms) = preSolution
		Debug|Any CPU = Debug|Any CPU
		Release|Any CPU = Release|Any CPU
	EndGlobalSection
	GlobalSection(ProjectConfigurationPlatforms) = postSolution
		{CC4E409D-871D-4D06-A400-B2798E681056}.Debug|Any CPU.ActiveCfg = Debug|Any CPU
		{CC4E409D-871D-4D06-A400-B2798E681056}.Debug|Any CPU.Build.0 = Debug|Any CPU
		{CC4E409D-871D-4D06-A400-B2798E681056}.Release|Any CPU.ActiveCfg = Release|Any CPU
		{CC4E409D-871D-4D06-A400-B2798E681056}.Release|Any CPU.Build.0 = Release|Any CPU
		{B4A3A978-0AEE-4CF6-A1CF-657283464D75}.Debug|Any CPU.ActiveCfg = Debug|Any CPU
		{B4A3A978-0AEE-4CF6-A1CF-657283464D75}.Debug|Any CPU.Build.0 = Debug|Any CPU
		{B4A3A978-0AEE-4CF6-A1CF-657283464D75}.Release|Any CPU.ActiveCfg = Release|Any CPU
		{B4A3A978-0AEE-4CF6-A1CF-657283464D75}.Release|Any CPU.Build.0 = Release|Any CPU
		{9F2A9D7D-F61A-4503-87A0-2EA41CF8D2C2}.Debug|Any CPU.ActiveCfg = Debug|Any CPU
		{9F2A9D7D-F61A-4503-87A0-2EA41CF8D2C2}.Debug|Any CPU.Build.0 = Debug|Any CPU
		{9F2A9D7D-F61A-4503-87A0-2EA41CF8D2C2}.Release|Any CPU.ActiveCfg = Release|Any CPU
		{9F2A9D7D-F61A-4503-87A0-2EA41CF8D2C2}.Release|Any CPU.Build.0 = Release|Any CPU
		{5BB67CB8-5BF2-4A54-8CA3-647049519D23}.Debug|Any CPU.ActiveCfg = Debug|Any CPU
		{5BB67CB8-5BF2-4A54-8CA3-647049519D23}.Debug|Any CPU.Build.0 = Debug|Any CPU
		{5BB67CB8-5BF2-4A54-8CA3-647049519D23}.Release|Any CPU.ActiveCfg = Release|Any CPU
		{5BB67CB8-5BF2-4A54-8CA3-647049519D23}.Release|Any CPU.Build.0 = Release|Any CPU
	EndGlobalSection
	GlobalSection(SolutionProperties) = preSolution
		HideSolutionNode = FALSE
	EndGlobalSection
	GlobalSection(ExtensibilityGlobals) = postSolution
		SolutionGuid = {CD4919D6-51BE-4F05-881B-4BB0F08D9D59}
	EndGlobalSection
EndGlobal
